<Solution>
  <Folder Name="/samples/">
    <Project Path="samples/Ideo.Umbraco.MediaManager.Web/Ideo.Umbraco.MediaManager.Web.csproj" />
  </Folder>
  <Folder Name="/src/">
    <Project Path="src/Ideo.Umbraco.MediaManager/Ideo.Umbraco.MediaManager.csproj" />
  </Folder>
  <Folder Name="/tests/">
    <Project Path="tests/Ideo.Umbraco.MediaManager.Tests/Ideo.Umbraco.MediaManager.Tests.csproj" />
  </Folder>
</Solution>
